PODS:
  - Flutter (1.0.0)
  - identity_verification_flutter (0.0.1):
    - Flutter

DEPENDENCIES:
  - Flutter (from `Flutter`)
  - identity_verification_flutter (from `.symlinks/plugins/identity_verification_flutter/ios`)

EXTERNAL SOURCES:
  Flutter:
    :path: Flutter
  identity_verification_flutter:
    :path: ".symlinks/plugins/identity_verification_flutter/ios"

SPEC CHECKSUMS:
  Flutter: f04841e97a9d0b0a8025694d0796dd46242b2854
  identity_verification_flutter: 8690e5907218f3320a0bb0e5f357292c5244bd24

PODFILE CHECKSUM: cf805a9cb650d06d2ffdbc6f561d90a1be5403ee

COCOAPODS: 1.11.3
